
Microsoft Visual Studio Solution File, Format Version 11.00
# Visual Studio 2010
Project("{FAE04EC0-301F-11D3-BF4B-00C04F79EFBC}") = "Talifun.AcceptanceTestProxy", "src\Talifun.AcceptanceTestProxy\Talifun.AcceptanceTestProxy.csproj", "{8D73A1BE-868C-42D2-9ECE-F32CC1A02906}"
EndProject
Project("{FAE04EC0-301F-11D3-BF4B-00C04F79EFBC}") = "Talifun.AcceptanceTestProxy.Tests", "src\Talifun.AcceptanceTestProxy.Tests\Talifun.AcceptanceTestProxy.Tests.csproj", "{16764848-7DFB-4213-9F84-46C7563196DF}"
EndProject
Project("{FAE04EC0-301F-11D3-BF4B-00C04F79EFBC}") = "Talifun.AcceptanceTestProxy.Profiles", "src\Talifun.AcceptanceTestProxy.Profiles\Talifun.AcceptanceTestProxy.Profiles.csproj", "{B8502616-A223-4B00-B913-EB64561E0E3B}"
EndProject
Global
	GlobalSection(SolutionConfigurationPlatforms) = preSolution
		Debug|Any CPU = Debug|Any CPU
		Debug|Mixed Platforms = Debug|Mixed Platforms
		Debug|x86 = Debug|x86
		Release|Any CPU = Release|Any CPU
		Release|Mixed Platforms = Release|Mixed Platforms
		Release|x86 = Release|x86
	EndGlobalSection
	GlobalSection(ProjectConfigurationPlatforms) = postSolution
		{8D73A1BE-868C-42D2-9ECE-F32CC1A02906}.Debug|Any CPU.ActiveCfg = Debug|x86
		{8D73A1BE-868C-42D2-9ECE-F32CC1A02906}.Debug|Mixed Platforms.ActiveCfg = Debug|x86
		{8D73A1BE-868C-42D2-9ECE-F32CC1A02906}.Debug|Mixed Platforms.Build.0 = Debug|x86
		{8D73A1BE-868C-42D2-9ECE-F32CC1A02906}.Debug|x86.ActiveCfg = Debug|x86
		{8D73A1BE-868C-42D2-9ECE-F32CC1A02906}.Debug|x86.Build.0 = Debug|x86
		{8D73A1BE-868C-42D2-9ECE-F32CC1A02906}.Release|Any CPU.ActiveCfg = Release|x86
		{8D73A1BE-868C-42D2-9ECE-F32CC1A02906}.Release|Mixed Platforms.ActiveCfg = Release|x86
		{8D73A1BE-868C-42D2-9ECE-F32CC1A02906}.Release|Mixed Platforms.Build.0 = Release|x86
		{8D73A1BE-868C-42D2-9ECE-F32CC1A02906}.Release|x86.ActiveCfg = Release|x86
		{8D73A1BE-868C-42D2-9ECE-F32CC1A02906}.Release|x86.Build.0 = Release|x86
		{16764848-7DFB-4213-9F84-46C7563196DF}.Debug|Any CPU.ActiveCfg = Debug|Any CPU
		{16764848-7DFB-4213-9F84-46C7563196DF}.Debug|Any CPU.Build.0 = Debug|Any CPU
		{16764848-7DFB-4213-9F84-46C7563196DF}.Debug|Mixed Platforms.ActiveCfg = Debug|Any CPU
		{16764848-7DFB-4213-9F84-46C7563196DF}.Debug|Mixed Platforms.Build.0 = Debug|Any CPU
		{16764848-7DFB-4213-9F84-46C7563196DF}.Debug|x86.ActiveCfg = Debug|Any CPU
		{16764848-7DFB-4213-9F84-46C7563196DF}.Release|Any CPU.ActiveCfg = Release|Any CPU
		{16764848-7DFB-4213-9F84-46C7563196DF}.Release|Any CPU.Build.0 = Release|Any CPU
		{16764848-7DFB-4213-9F84-46C7563196DF}.Release|Mixed Platforms.ActiveCfg = Release|Any CPU
		{16764848-7DFB-4213-9F84-46C7563196DF}.Release|Mixed Platforms.Build.0 = Release|Any CPU
		{16764848-7DFB-4213-9F84-46C7563196DF}.Release|x86.ActiveCfg = Release|Any CPU
		{B8502616-A223-4B00-B913-EB64561E0E3B}.Debug|Any CPU.ActiveCfg = Debug|Any CPU
		{B8502616-A223-4B00-B913-EB64561E0E3B}.Debug|Any CPU.Build.0 = Debug|Any CPU
		{B8502616-A223-4B00-B913-EB64561E0E3B}.Debug|Mixed Platforms.ActiveCfg = Debug|Any CPU
		{B8502616-A223-4B00-B913-EB64561E0E3B}.Debug|Mixed Platforms.Build.0 = Debug|Any CPU
		{B8502616-A223-4B00-B913-EB64561E0E3B}.Debug|x86.ActiveCfg = Debug|Any CPU
		{B8502616-A223-4B00-B913-EB64561E0E3B}.Release|Any CPU.ActiveCfg = Release|Any CPU
		{B8502616-A223-4B00-B913-EB64561E0E3B}.Release|Any CPU.Build.0 = Release|Any CPU
		{B8502616-A223-4B00-B913-EB64561E0E3B}.Release|Mixed Platforms.ActiveCfg = Release|Any CPU
		{B8502616-A223-4B00-B913-EB64561E0E3B}.Release|Mixed Platforms.Build.0 = Release|Any CPU
		{B8502616-A223-4B00-B913-EB64561E0E3B}.Release|x86.ActiveCfg = Release|Any CPU
	EndGlobalSection
	GlobalSection(SolutionProperties) = preSolution
		HideSolutionNode = FALSE
	EndGlobalSection
EndGlobal
